
Microsoft Visual Studio Solution File, Format Version 12.00
Project("{FAE04EC0-301F-11D3-BF4B-00C04F79EFBC}") = "DB", "DB\DB.csproj", "{1FACA128-90F0-4873-AEED-570C65D58966}"
EndProject
Project("{FAE04EC0-301F-11D3-BF4B-00C04F79EFBC}") = "API", "API\API.csproj", "{A79A628E-E675-407F-AA4C-893194D66E5E}"
EndProject
Global
	GlobalSection(SolutionConfigurationPlatforms) = preSolution
		Debug|Any CPU = Debug|Any CPU
		Release|Any CPU = Release|Any CPU
	EndGlobalSection
	GlobalSection(ProjectConfigurationPlatforms) = postSolution
		{1FACA128-90F0-4873-AEED-570C65D58966}.Debug|Any CPU.ActiveCfg = Debug|Any CPU
		{1FACA128-90F0-4873-AEED-570C65D58966}.Debug|Any CPU.Build.0 = Debug|Any CPU
		{1FACA128-90F0-4873-AEED-570C65D58966}.Release|Any CPU.ActiveCfg = Release|Any CPU
		{1FACA128-90F0-4873-AEED-570C65D58966}.Release|Any CPU.Build.0 = Release|Any CPU
		{A79A628E-E675-407F-AA4C-893194D66E5E}.Debug|Any CPU.ActiveCfg = Debug|Any CPU
		{A79A628E-E675-407F-AA4C-893194D66E5E}.Debug|Any CPU.Build.0 = Debug|Any CPU
		{A79A628E-E675-407F-AA4C-893194D66E5E}.Release|Any CPU.ActiveCfg = Release|Any CPU
		{A79A628E-E675-407F-AA4C-893194D66E5E}.Release|Any CPU.Build.0 = Release|Any CPU
	EndGlobalSection
EndGlobal
